
Microsoft Visual Studio Solution File, Format Version 10.00
# Visual C# Express 2008
Project("{FAE04EC0-301F-11D3-BF4B-00C04F79EFBC}") = "AutoLists", "AutoLists.csproj", "{F2B5921D-650D-4509-98BE-1E3C92FE0C87}"
EndProject
Global
	GlobalSection(SolutionConfigurationPlatforms) = preSolution
		Debug|Any CPU = Debug|Any CPU
		Release|Any CPU = Release|Any CPU
	EndGlobalSection
	GlobalSection(ProjectConfigurationPlatforms) = postSolution
		{F2B5921D-650D-4509-98BE-1E3C92FE0C87}.Debug|Any CPU.ActiveCfg = Debug|Any CPU
		{F2B5921D-650D-4509-98BE-1E3C92FE0C87}.Debug|Any CPU.Build.0 = Debug|Any CPU
		{F2B5921D-650D-4509-98BE-1E3C92FE0C87}.Release|Any CPU.ActiveCfg = Release|Any CPU
		{F2B5921D-650D-4509-98BE-1E3C92FE0C87}.Release|Any CPU.Build.0 = Release|Any CPU
	EndGlobalSection
	GlobalSection(SolutionProperties) = preSolution
		HideSolutionNode = FALSE
	EndGlobalSection
EndGlobal
